
Microsoft Visual Studio Solution File, Format Version 12.00
# Visual Studio 15
VisualStudioVersion = 15.0.28010.2003
MinimumVisualStudioVersion = 10.0.40219.1
Project("{FAE04EC0-301F-11D3-BF4B-00C04F79EFBC}") = "Sharpchain", "Sharpchain\Sharpchain.csproj", "{3B66653D-A294-4163-986E-1C940A641648}"
EndProject
Global
	GlobalSection(SolutionConfigurationPlatforms) = preSolution
		Debug|Any CPU = Debug|Any CPU
		Release|Any CPU = Release|Any CPU
	EndGlobalSection
	GlobalSection(ProjectConfigurationPlatforms) = postSolution
		{3B66653D-A294-4163-986E-1C940A641648}.Debug|Any CPU.ActiveCfg = Debug|Any CPU
		{3B66653D-A294-4163-986E-1C940A641648}.Debug|Any CPU.Build.0 = Debug|Any CPU
		{3B66653D-A294-4163-986E-1C940A641648}.Release|Any CPU.ActiveCfg = Release|Any CPU
		{3B66653D-A294-4163-986E-1C940A641648}.Release|Any CPU.Build.0 = Release|Any CPU
	EndGlobalSection
	GlobalSection(SolutionProperties) = preSolution
		HideSolutionNode = FALSE
	EndGlobalSection
	GlobalSection(ExtensibilityGlobals) = postSolution
		SolutionGuid = {A2529752-90D9-4F8E-AB81-55214315F164}
	EndGlobalSection
EndGlobal
